
Microsoft Visual Studio Solution File, Format Version 12.00
# Visual Studio Version 16
VisualStudioVersion = 16.0.29806.167
MinimumVisualStudioVersion = 10.0.40219.1
Project("{FAE04EC0-301F-11D3-BF4B-00C04F79EFBC}") = "CarsManagementApp", "CarsManagementApp\CarsManagementApp.csproj", "{59BC87B4-263B-41F6-B92F-BC34279A1248}"
EndProject
Global
	GlobalSection(SolutionConfigurationPlatforms) = preSolution
		Debug|Any CPU = Debug|Any CPU
		Release|Any CPU = Release|Any CPU
	EndGlobalSection
	GlobalSection(ProjectConfigurationPlatforms) = postSolution
		{59BC87B4-263B-41F6-B92F-BC34279A1248}.Debug|Any CPU.ActiveCfg = Debug|Any CPU
		{59BC87B4-263B-41F6-B92F-BC34279A1248}.Debug|Any CPU.Build.0 = Debug|Any CPU
		{59BC87B4-263B-41F6-B92F-BC34279A1248}.Release|Any CPU.ActiveCfg = Release|Any CPU
		{59BC87B4-263B-41F6-B92F-BC34279A1248}.Release|Any CPU.Build.0 = Release|Any CPU
	EndGlobalSection
	GlobalSection(SolutionProperties) = preSolution
		HideSolutionNode = FALSE
	EndGlobalSection
	GlobalSection(ExtensibilityGlobals) = postSolution
		SolutionGuid = {D326EACF-8ECE-4835-ADD8-C2D21671C135}
	EndGlobalSection
EndGlobal
